
Microsoft Visual Studio Solution File, Format Version 12.00
# Visual Studio 2012
Project("{FAE04EC0-301F-11D3-BF4B-00C04F79EFBC}") = "TTech", "TTech\TTech.csproj", "{4DBA1FA5-8D1C-469C-AC38-1A78EA4630B2}"
EndProject
Project("{FAE04EC0-301F-11D3-BF4B-00C04F79EFBC}") = "TTech.iOS", "iOS\TTech.iOS.csproj", "{740BA72D-5AF0-46CF-A550-938AE554880B}"
EndProject
Project("{FAE04EC0-301F-11D3-BF4B-00C04F79EFBC}") = "TTech.Droid", "Droid\TTech.Droid.csproj", "{855419E4-B94D-4EE6-BC2B-EEA4B74B125A}"
EndProject
Global
	GlobalSection(SolutionConfigurationPlatforms) = preSolution
		Debug|Any CPU = Debug|Any CPU
		Release|Any CPU = Release|Any CPU
		Debug|iPhoneSimulator = Debug|iPhoneSimulator
		Release|iPhone = Release|iPhone
		Release|iPhoneSimulator = Release|iPhoneSimulator
		Debug|iPhone = Debug|iPhone
	EndGlobalSection
	GlobalSection(ProjectConfigurationPlatforms) = postSolution
		{4DBA1FA5-8D1C-469C-AC38-1A78EA4630B2}.Debug|Any CPU.ActiveCfg = Debug|Any CPU
		{4DBA1FA5-8D1C-469C-AC38-1A78EA4630B2}.Debug|Any CPU.Build.0 = Debug|Any CPU
		{4DBA1FA5-8D1C-469C-AC38-1A78EA4630B2}.Release|Any CPU.ActiveCfg = Release|Any CPU
		{4DBA1FA5-8D1C-469C-AC38-1A78EA4630B2}.Release|Any CPU.Build.0 = Release|Any CPU
		{4DBA1FA5-8D1C-469C-AC38-1A78EA4630B2}.Debug|iPhoneSimulator.ActiveCfg = Debug|Any CPU
		{4DBA1FA5-8D1C-469C-AC38-1A78EA4630B2}.Debug|iPhoneSimulator.Build.0 = Debug|Any CPU
		{4DBA1FA5-8D1C-469C-AC38-1A78EA4630B2}.Release|iPhone.ActiveCfg = Release|Any CPU
		{4DBA1FA5-8D1C-469C-AC38-1A78EA4630B2}.Release|iPhone.Build.0 = Release|Any CPU
		{4DBA1FA5-8D1C-469C-AC38-1A78EA4630B2}.Release|iPhoneSimulator.ActiveCfg = Release|Any CPU
		{4DBA1FA5-8D1C-469C-AC38-1A78EA4630B2}.Release|iPhoneSimulator.Build.0 = Release|Any CPU
		{4DBA1FA5-8D1C-469C-AC38-1A78EA4630B2}.Debug|iPhone.ActiveCfg = Debug|Any CPU
		{4DBA1FA5-8D1C-469C-AC38-1A78EA4630B2}.Debug|iPhone.Build.0 = Debug|Any CPU
		{740BA72D-5AF0-46CF-A550-938AE554880B}.Debug|Any CPU.ActiveCfg = Debug|iPhoneSimulator
		{740BA72D-5AF0-46CF-A550-938AE554880B}.Debug|Any CPU.Build.0 = Debug|iPhoneSimulator
		{740BA72D-5AF0-46CF-A550-938AE554880B}.Release|Any CPU.ActiveCfg = Release|iPhone
		{740BA72D-5AF0-46CF-A550-938AE554880B}.Release|Any CPU.Build.0 = Release|iPhone
		{740BA72D-5AF0-46CF-A550-938AE554880B}.Debug|iPhoneSimulator.ActiveCfg = Debug|iPhoneSimulator
		{740BA72D-5AF0-46CF-A550-938AE554880B}.Debug|iPhoneSimulator.Build.0 = Debug|iPhoneSimulator
		{740BA72D-5AF0-46CF-A550-938AE554880B}.Release|iPhone.ActiveCfg = Release|iPhone
		{740BA72D-5AF0-46CF-A550-938AE554880B}.Release|iPhone.Build.0 = Release|iPhone
		{740BA72D-5AF0-46CF-A550-938AE554880B}.Release|iPhoneSimulator.ActiveCfg = Release|iPhoneSimulator
		{740BA72D-5AF0-46CF-A550-938AE554880B}.Release|iPhoneSimulator.Build.0 = Release|iPhoneSimulator
		{740BA72D-5AF0-46CF-A550-938AE554880B}.Debug|iPhone.ActiveCfg = Debug|iPhone
		{740BA72D-5AF0-46CF-A550-938AE554880B}.Debug|iPhone.Build.0 = Debug|iPhone
		{855419E4-B94D-4EE6-BC2B-EEA4B74B125A}.Debug|Any CPU.ActiveCfg = Debug|Any CPU
		{855419E4-B94D-4EE6-BC2B-EEA4B74B125A}.Debug|Any CPU.Build.0 = Debug|Any CPU
		{855419E4-B94D-4EE6-BC2B-EEA4B74B125A}.Release|Any CPU.ActiveCfg = Release|Any CPU
		{855419E4-B94D-4EE6-BC2B-EEA4B74B125A}.Release|Any CPU.Build.0 = Release|Any CPU
		{855419E4-B94D-4EE6-BC2B-EEA4B74B125A}.Debug|iPhoneSimulator.ActiveCfg = Debug|Any CPU
		{855419E4-B94D-4EE6-BC2B-EEA4B74B125A}.Debug|iPhoneSimulator.Build.0 = Debug|Any CPU
		{855419E4-B94D-4EE6-BC2B-EEA4B74B125A}.Release|iPhone.ActiveCfg = Release|Any CPU
		{855419E4-B94D-4EE6-BC2B-EEA4B74B125A}.Release|iPhone.Build.0 = Release|Any CPU
		{855419E4-B94D-4EE6-BC2B-EEA4B74B125A}.Release|iPhoneSimulator.ActiveCfg = Release|Any CPU
		{855419E4-B94D-4EE6-BC2B-EEA4B74B125A}.Release|iPhoneSimulator.Build.0 = Release|Any CPU
		{855419E4-B94D-4EE6-BC2B-EEA4B74B125A}.Debug|iPhone.ActiveCfg = Debug|Any CPU
		{855419E4-B94D-4EE6-BC2B-EEA4B74B125A}.Debug|iPhone.Build.0 = Debug|Any CPU
	EndGlobalSection
EndGlobal
